
Microsoft Visual Studio Solution File, Format Version 12.00
# Visual Studio 14
VisualStudioVersion = 14.0.24720.0
MinimumVisualStudioVersion = 10.0.40219.1
Project("{2150E333-8FDC-42A3-9474-1A3956D46DE8}") = "src", "src", "{B202ABEB-8ABE-4CFB-91BA-B92F030918A4}"
EndProject
Project("{2150E333-8FDC-42A3-9474-1A3956D46DE8}") = "Solution Items", "Solution Items", "{AA8D3C75-8A06-4DE3-90DE-EFA40C5F7952}"
	ProjectSection(SolutionItems) = preProject
		appveyor.yml = appveyor.yml
		Core.abnf = Core.abnf
		LICENSE = LICENSE
		..\..\nuspec.xsd = ..\..\nuspec.xsd
		README.md = README.md
		RFC5234.abnf = RFC5234.abnf
	EndProjectSection
EndProject
Project("{FAE04EC0-301F-11D3-BF4B-00C04F79EFBC}") = "TextFx", "src\TextFx\TextFx.csproj", "{F889024E-5C62-49AC-AC9F-C17BC1CB9621}"
EndProject
Project("{FAE04EC0-301F-11D3-BF4B-00C04F79EFBC}") = "TextFx.ABNF.Tests", "src\TextFx.ABNF.Tests\TextFx.ABNF.Tests.csproj", "{B46CBD79-65A0-4E91-B206-D30ECCEAB873}"
EndProject
Project("{FAE04EC0-301F-11D3-BF4B-00C04F79EFBC}") = "TextFx.ABNF", "src\TextFx.ABNF\TextFx.ABNF.csproj", "{556A92C9-EACF-4353-9A89-900303140428}"
EndProject
Project("{FAE04EC0-301F-11D3-BF4B-00C04F79EFBC}") = "TextFx.Tests", "src\TextFx.Tests\TextFx.Tests.csproj", "{899F2747-5709-4794-9212-FC4B88DD7588}"
EndProject
Project("{FAE04EC0-301F-11D3-BF4B-00C04F79EFBC}") = "Sample1", "src\Sample1\Sample1.csproj", "{043C2EF6-C0F9-40C7-BECB-B4AD11763383}"
EndProject
Global
	GlobalSection(SolutionConfigurationPlatforms) = preSolution
		Debug|Any CPU = Debug|Any CPU
		Release|Any CPU = Release|Any CPU
	EndGlobalSection
	GlobalSection(ProjectConfigurationPlatforms) = postSolution
		{F889024E-5C62-49AC-AC9F-C17BC1CB9621}.Debug|Any CPU.ActiveCfg = Debug|Any CPU
		{F889024E-5C62-49AC-AC9F-C17BC1CB9621}.Debug|Any CPU.Build.0 = Debug|Any CPU
		{F889024E-5C62-49AC-AC9F-C17BC1CB9621}.Release|Any CPU.ActiveCfg = Release|Any CPU
		{F889024E-5C62-49AC-AC9F-C17BC1CB9621}.Release|Any CPU.Build.0 = Release|Any CPU
		{B46CBD79-65A0-4E91-B206-D30ECCEAB873}.Debug|Any CPU.ActiveCfg = Debug|Any CPU
		{B46CBD79-65A0-4E91-B206-D30ECCEAB873}.Debug|Any CPU.Build.0 = Debug|Any CPU
		{B46CBD79-65A0-4E91-B206-D30ECCEAB873}.Release|Any CPU.ActiveCfg = Release|Any CPU
		{B46CBD79-65A0-4E91-B206-D30ECCEAB873}.Release|Any CPU.Build.0 = Release|Any CPU
		{556A92C9-EACF-4353-9A89-900303140428}.Debug|Any CPU.ActiveCfg = Debug|Any CPU
		{556A92C9-EACF-4353-9A89-900303140428}.Debug|Any CPU.Build.0 = Debug|Any CPU
		{556A92C9-EACF-4353-9A89-900303140428}.Release|Any CPU.ActiveCfg = Release|Any CPU
		{556A92C9-EACF-4353-9A89-900303140428}.Release|Any CPU.Build.0 = Release|Any CPU
		{899F2747-5709-4794-9212-FC4B88DD7588}.Debug|Any CPU.ActiveCfg = Debug|Any CPU
		{899F2747-5709-4794-9212-FC4B88DD7588}.Debug|Any CPU.Build.0 = Debug|Any CPU
		{899F2747-5709-4794-9212-FC4B88DD7588}.Release|Any CPU.ActiveCfg = Release|Any CPU
		{899F2747-5709-4794-9212-FC4B88DD7588}.Release|Any CPU.Build.0 = Release|Any CPU
		{043C2EF6-C0F9-40C7-BECB-B4AD11763383}.Debug|Any CPU.ActiveCfg = Debug|Any CPU
		{043C2EF6-C0F9-40C7-BECB-B4AD11763383}.Debug|Any CPU.Build.0 = Debug|Any CPU
		{043C2EF6-C0F9-40C7-BECB-B4AD11763383}.Release|Any CPU.ActiveCfg = Release|Any CPU
		{043C2EF6-C0F9-40C7-BECB-B4AD11763383}.Release|Any CPU.Build.0 = Release|Any CPU
	EndGlobalSection
	GlobalSection(SolutionProperties) = preSolution
		HideSolutionNode = FALSE
	EndGlobalSection
	GlobalSection(NestedProjects) = preSolution
		{F889024E-5C62-49AC-AC9F-C17BC1CB9621} = {B202ABEB-8ABE-4CFB-91BA-B92F030918A4}
		{B46CBD79-65A0-4E91-B206-D30ECCEAB873} = {B202ABEB-8ABE-4CFB-91BA-B92F030918A4}
		{556A92C9-EACF-4353-9A89-900303140428} = {B202ABEB-8ABE-4CFB-91BA-B92F030918A4}
		{899F2747-5709-4794-9212-FC4B88DD7588} = {B202ABEB-8ABE-4CFB-91BA-B92F030918A4}
		{043C2EF6-C0F9-40C7-BECB-B4AD11763383} = {B202ABEB-8ABE-4CFB-91BA-B92F030918A4}
	EndGlobalSection
EndGlobal
