
Microsoft Visual Studio Solution File, Format Version 12.00
# Visual Studio 14
VisualStudioVersion = 14.0.25420.1
MinimumVisualStudioVersion = 10.0.40219.1
Project("{2150E333-8FDC-42A3-9474-1A3956D46DE8}") = "src", "src", "{6AFE5181-DC35-4668-92B7-13C7D06686D7}"
EndProject
Project("{2150E333-8FDC-42A3-9474-1A3956D46DE8}") = "Solution Items", "Solution Items", "{CE612D54-2AEC-4921-87EE-739D113D6449}"
	ProjectSection(SolutionItems) = preProject
		appveyor.yml = appveyor.yml
		CACHE = CACHE
		Core.abnf = Core.abnf
		global.json = global.json
		LICENSE = LICENSE
		README.md = README.md
		RFC5234.abnf = RFC5234.abnf
	EndProjectSection
EndProject
Project("{8BB2217D-0F2D-49D1-97BC-3654ED321F3B}") = "Common", "src\Common\Common.xproj", "{F20BABFD-8FD3-4887-BBE4-3422E71C63A7}"
EndProject
Project("{8BB2217D-0F2D-49D1-97BC-3654ED321F3B}") = "Txt.ABNF", "src\Txt.ABNF\Txt.ABNF.xproj", "{8BD2F60F-82C9-444E-A290-4AE01C90593D}"
EndProject
Project("{2150E333-8FDC-42A3-9474-1A3956D46DE8}") = "test", "test", "{1C65ACFA-CF2F-4922-A7B5-9FB745B469B9}"
EndProject
Project("{8BB2217D-0F2D-49D1-97BC-3654ED321F3B}") = "Txt.ABNF.Tests", "test\Txt.ABNF.Tests\Txt.ABNF.Tests.xproj", "{BFB002EA-D011-4C31-9870-48D7B3987E61}"
EndProject
Project("{2150E333-8FDC-42A3-9474-1A3956D46DE8}") = "sample", "sample", "{F10BEB21-D1AF-416E-800D-348A6B1FC544}"
EndProject
Project("{8BB2217D-0F2D-49D1-97BC-3654ED321F3B}") = "Sample1", "sample\Sample1\Sample1.xproj", "{F3CA639E-DB7D-4551-A68A-F3B0D68E31D1}"
EndProject
Project("{8BB2217D-0F2D-49D1-97BC-3654ED321F3B}") = "Txt.Core", "src\Txt.Core\Txt.Core.xproj", "{B0EBCE28-C62B-4169-9051-C9C0B1F17B52}"
EndProject
Project("{8BB2217D-0F2D-49D1-97BC-3654ED321F3B}") = "Txt.Core.Tests", "test\Txt.Core.Tests\Txt.Core.Tests.xproj", "{B6421C49-53B7-48A4-8913-95191E7F6A23}"
EndProject
Project("{8BB2217D-0F2D-49D1-97BC-3654ED321F3B}") = "Txt", "src\Txt\Txt.xproj", "{FA27D053-B091-433B-8D33-D28082B68BBA}"
EndProject
Global
	GlobalSection(SolutionConfigurationPlatforms) = preSolution
		Debug|Any CPU = Debug|Any CPU
		Release|Any CPU = Release|Any CPU
	EndGlobalSection
	GlobalSection(ProjectConfigurationPlatforms) = postSolution
		{F20BABFD-8FD3-4887-BBE4-3422E71C63A7}.Debug|Any CPU.ActiveCfg = Debug|Any CPU
		{F20BABFD-8FD3-4887-BBE4-3422E71C63A7}.Debug|Any CPU.Build.0 = Debug|Any CPU
		{F20BABFD-8FD3-4887-BBE4-3422E71C63A7}.Release|Any CPU.ActiveCfg = Release|Any CPU
		{F20BABFD-8FD3-4887-BBE4-3422E71C63A7}.Release|Any CPU.Build.0 = Release|Any CPU
		{8BD2F60F-82C9-444E-A290-4AE01C90593D}.Debug|Any CPU.ActiveCfg = Debug|Any CPU
		{8BD2F60F-82C9-444E-A290-4AE01C90593D}.Debug|Any CPU.Build.0 = Debug|Any CPU
		{8BD2F60F-82C9-444E-A290-4AE01C90593D}.Release|Any CPU.ActiveCfg = Release|Any CPU
		{8BD2F60F-82C9-444E-A290-4AE01C90593D}.Release|Any CPU.Build.0 = Release|Any CPU
		{BFB002EA-D011-4C31-9870-48D7B3987E61}.Debug|Any CPU.ActiveCfg = Debug|Any CPU
		{BFB002EA-D011-4C31-9870-48D7B3987E61}.Debug|Any CPU.Build.0 = Debug|Any CPU
		{BFB002EA-D011-4C31-9870-48D7B3987E61}.Release|Any CPU.ActiveCfg = Release|Any CPU
		{BFB002EA-D011-4C31-9870-48D7B3987E61}.Release|Any CPU.Build.0 = Release|Any CPU
		{F3CA639E-DB7D-4551-A68A-F3B0D68E31D1}.Debug|Any CPU.ActiveCfg = Debug|Any CPU
		{F3CA639E-DB7D-4551-A68A-F3B0D68E31D1}.Debug|Any CPU.Build.0 = Debug|Any CPU
		{F3CA639E-DB7D-4551-A68A-F3B0D68E31D1}.Release|Any CPU.ActiveCfg = Release|Any CPU
		{F3CA639E-DB7D-4551-A68A-F3B0D68E31D1}.Release|Any CPU.Build.0 = Release|Any CPU
		{B0EBCE28-C62B-4169-9051-C9C0B1F17B52}.Debug|Any CPU.ActiveCfg = Debug|Any CPU
		{B0EBCE28-C62B-4169-9051-C9C0B1F17B52}.Debug|Any CPU.Build.0 = Debug|Any CPU
		{B0EBCE28-C62B-4169-9051-C9C0B1F17B52}.Release|Any CPU.ActiveCfg = Release|Any CPU
		{B0EBCE28-C62B-4169-9051-C9C0B1F17B52}.Release|Any CPU.Build.0 = Release|Any CPU
		{B6421C49-53B7-48A4-8913-95191E7F6A23}.Debug|Any CPU.ActiveCfg = Debug|Any CPU
		{B6421C49-53B7-48A4-8913-95191E7F6A23}.Debug|Any CPU.Build.0 = Debug|Any CPU
		{B6421C49-53B7-48A4-8913-95191E7F6A23}.Release|Any CPU.ActiveCfg = Release|Any CPU
		{B6421C49-53B7-48A4-8913-95191E7F6A23}.Release|Any CPU.Build.0 = Release|Any CPU
		{FA27D053-B091-433B-8D33-D28082B68BBA}.Debug|Any CPU.ActiveCfg = Debug|Any CPU
		{FA27D053-B091-433B-8D33-D28082B68BBA}.Debug|Any CPU.Build.0 = Debug|Any CPU
		{FA27D053-B091-433B-8D33-D28082B68BBA}.Release|Any CPU.ActiveCfg = Release|Any CPU
		{FA27D053-B091-433B-8D33-D28082B68BBA}.Release|Any CPU.Build.0 = Release|Any CPU
	EndGlobalSection
	GlobalSection(SolutionProperties) = preSolution
		HideSolutionNode = FALSE
	EndGlobalSection
	GlobalSection(NestedProjects) = preSolution
		{F20BABFD-8FD3-4887-BBE4-3422E71C63A7} = {6AFE5181-DC35-4668-92B7-13C7D06686D7}
		{8BD2F60F-82C9-444E-A290-4AE01C90593D} = {6AFE5181-DC35-4668-92B7-13C7D06686D7}
		{BFB002EA-D011-4C31-9870-48D7B3987E61} = {1C65ACFA-CF2F-4922-A7B5-9FB745B469B9}
		{F3CA639E-DB7D-4551-A68A-F3B0D68E31D1} = {F10BEB21-D1AF-416E-800D-348A6B1FC544}
		{B0EBCE28-C62B-4169-9051-C9C0B1F17B52} = {6AFE5181-DC35-4668-92B7-13C7D06686D7}
		{B6421C49-53B7-48A4-8913-95191E7F6A23} = {1C65ACFA-CF2F-4922-A7B5-9FB745B469B9}
		{FA27D053-B091-433B-8D33-D28082B68BBA} = {6AFE5181-DC35-4668-92B7-13C7D06686D7}
	EndGlobalSection
EndGlobal
